
Microsoft Visual Studio Solution File, Format Version 12.00
# Visual Studio 15
VisualStudioVersion = 15.0.28307.705
MinimumVisualStudioVersion = 10.0.40219.1
Project("{FAE04EC0-301F-11D3-BF4B-00C04F79EFBC}") = "SGZAdmin", "SGZAdmin.csproj", "{AF2FE5F7-60BA-4A24-BC32-8328B52FFF79}"
EndProject
Global
	GlobalSection(SolutionConfigurationPlatforms) = preSolution
		Debug|Any CPU = Debug|Any CPU
		Release|Any CPU = Release|Any CPU
	EndGlobalSection
	GlobalSection(ProjectConfigurationPlatforms) = postSolution
		{AF2FE5F7-60BA-4A24-BC32-8328B52FFF79}.Debug|Any CPU.ActiveCfg = Debug|Any CPU
		{AF2FE5F7-60BA-4A24-BC32-8328B52FFF79}.Debug|Any CPU.Build.0 = Debug|Any CPU
		{AF2FE5F7-60BA-4A24-BC32-8328B52FFF79}.Release|Any CPU.ActiveCfg = Release|Any CPU
		{AF2FE5F7-60BA-4A24-BC32-8328B52FFF79}.Release|Any CPU.Build.0 = Release|Any CPU
	EndGlobalSection
	GlobalSection(SolutionProperties) = preSolution
		HideSolutionNode = FALSE
	EndGlobalSection
	GlobalSection(ExtensibilityGlobals) = postSolution
		SolutionGuid = {CC619B59-6316-424B-919A-088B5A124588}
	EndGlobalSection
EndGlobal
